
Microsoft Visual Studio Solution File, Format Version 12.00
# Visual Studio Version 17
VisualStudioVersion = 17.8.34219.65
MinimumVisualStudioVersion = 10.0.40219.1
Project("{2150E333-8FDC-42A3-9474-1A3956D46DE8}") = "src", "src", "{BAECCF56-2805-426B-B8FA-CD391190D586}"
EndProject
Project("{2150E333-8FDC-42A3-9474-1A3956D46DE8}") = "Solution Items", "Solution Items", "{7C9E676C-E21B-4615-8C45-089C33151922}"
	ProjectSection(SolutionItems) = preProject
		README.md = README.md
	EndProjectSection
EndProject
Project("{2150E333-8FDC-42A3-9474-1A3956D46DE8}") = "test", "test", "{7E0A0AD8-9582-486A-AA26-7F84E8D4E27C}"
EndProject
Project("{9A19103F-16F7-4668-BE54-9A1E7A4F7556}") = "ApiTest", "test\ApiTest\ApiTest.csproj", "{42CD8DF3-DE69-494E-81F8-940A71670051}"
EndProject
Project("{FAE04EC0-301F-11D3-BF4B-00C04F79EFBC}") = "Domain", "src\Domain\Domain.csproj", "{87EDA1D2-4B5B-E524-38CE-D0BFCA5F4D6B}"
EndProject
Project("{FAE04EC0-301F-11D3-BF4B-00C04F79EFBC}") = "Infrastructure", "src\Infrastructure\Infrastructure.csproj", "{3D745DFE-AF9A-E111-755D-FD3FFF280728}"
EndProject
Project("{FAE04EC0-301F-11D3-BF4B-00C04F79EFBC}") = "Application", "src\Application\Application.csproj", "{5BDAB160-5258-45DA-1CDF-4BFCF367E785}"
EndProject
Project("{FAE04EC0-301F-11D3-BF4B-00C04F79EFBC}") = "Presentation.Api", "src\Presentation.Api\Presentation.Api.csproj", "{E3352462-D021-E78E-EA73-85577893CEF5}"
EndProject
Project("{54A90642-561A-4BB1-A94E-469ADEE60C69}") = "Presentation.React", "src\Presentation.Web\Presentation.React.esproj", "{9EE5E4D5-248D-EE1E-CCA8-92579EB5161B}"
EndProject
Project("{FAE04EC0-301F-11D3-BF4B-00C04F79EFBC}") = "Utilities", "src\TelemetryService\Utilities\Utilities.csproj", "{23E5BFE9-4AEC-1A6C-7876-F133AC47C158}"
EndProject
Project("{FAE04EC0-301F-11D3-BF4B-00C04F79EFBC}") = "FileProcessor", "src\TelemetryService\FileProcessor\FileProcessor.csproj", "{93726EBF-11DC-CCA6-8583-69D8FD846C26}"
EndProject
Project("{FAE04EC0-301F-11D3-BF4B-00C04F79EFBC}") = "TelemetryServer", "src\TelemetryService\TelemetryServer\TelemetryServer.csproj", "{9EB560FB-0525-1EDF-65A5-D3D7F2284815}"
EndProject
Project("{FAE04EC0-301F-11D3-BF4B-00C04F79EFBC}") = "Metron2Parser", "src\TelemetryService\Metron2Parser\Metron2Parser.csproj", "{8E92EE6F-8E10-5085-A1E7-BFA8279EF1BA}"
EndProject
Project("{FAE04EC0-301F-11D3-BF4B-00C04F79EFBC}") = "Metron2Configuration", "src\TelemetryService\Metron2Configuration\Metron2Configuration.csproj", "{DE01BDDD-FC32-F32A-5532-CBCB9B1823A8}"
EndProject
Project("{FAE04EC0-301F-11D3-BF4B-00C04F79EFBC}") = "Metron2Client", "src\TelemetryService\Metron2Client\Metron2Client.csproj", "{03E3D4FC-9A52-4F2A-C9ED-1B959A350A5C}"
EndProject
Project("{FAE04EC0-301F-11D3-BF4B-00C04F79EFBC}") = "TelemetryLoadTestClient", "src\TelemetryService\TelemetryLoadTestClient\TelemetryLoadTestClient.csproj", "{CF431CEB-739F-523A-46D7-7D540D9AA8DA}"
EndProject
Project("{FAE04EC0-301F-11D3-BF4B-00C04F79EFBC}") = "Application.Substituter", "src\Substituter\Application.Substituter.csproj", "{316D9E88-6BCA-A9D3-9160-ACD26764758B}"
EndProject
Project("{FAE04EC0-301F-11D3-BF4B-00C04F79EFBC}") = "Presentation.AlarmServer", "src\Presentation.AlarmServer\Presentation.AlarmServer.csproj", "{EBA3D9A6-F0A9-DA9C-5FAF-6A7BFAD0C0FB}"
EndProject
Global
	GlobalSection(SolutionConfigurationPlatforms) = preSolution
		Debug|Any CPU = Debug|Any CPU
		Release|Any CPU = Release|Any CPU
	EndGlobalSection
	GlobalSection(ProjectConfigurationPlatforms) = postSolution
		{42CD8DF3-DE69-494E-81F8-940A71670051}.Debug|Any CPU.ActiveCfg = Debug|Any CPU
		{42CD8DF3-DE69-494E-81F8-940A71670051}.Debug|Any CPU.Build.0 = Debug|Any CPU
		{42CD8DF3-DE69-494E-81F8-940A71670051}.Release|Any CPU.ActiveCfg = Release|Any CPU
		{42CD8DF3-DE69-494E-81F8-940A71670051}.Release|Any CPU.Build.0 = Release|Any CPU
		{87EDA1D2-4B5B-E524-38CE-D0BFCA5F4D6B}.Debug|Any CPU.ActiveCfg = Debug|Any CPU
		{87EDA1D2-4B5B-E524-38CE-D0BFCA5F4D6B}.Debug|Any CPU.Build.0 = Debug|Any CPU
		{87EDA1D2-4B5B-E524-38CE-D0BFCA5F4D6B}.Release|Any CPU.ActiveCfg = Release|Any CPU
		{87EDA1D2-4B5B-E524-38CE-D0BFCA5F4D6B}.Release|Any CPU.Build.0 = Release|Any CPU
		{3D745DFE-AF9A-E111-755D-FD3FFF280728}.Debug|Any CPU.ActiveCfg = Debug|Any CPU
		{3D745DFE-AF9A-E111-755D-FD3FFF280728}.Debug|Any CPU.Build.0 = Debug|Any CPU
		{3D745DFE-AF9A-E111-755D-FD3FFF280728}.Release|Any CPU.ActiveCfg = Release|Any CPU
		{3D745DFE-AF9A-E111-755D-FD3FFF280728}.Release|Any CPU.Build.0 = Release|Any CPU
		{5BDAB160-5258-45DA-1CDF-4BFCF367E785}.Debug|Any CPU.ActiveCfg = Debug|Any CPU
		{5BDAB160-5258-45DA-1CDF-4BFCF367E785}.Debug|Any CPU.Build.0 = Debug|Any CPU
		{5BDAB160-5258-45DA-1CDF-4BFCF367E785}.Release|Any CPU.ActiveCfg = Release|Any CPU
		{5BDAB160-5258-45DA-1CDF-4BFCF367E785}.Release|Any CPU.Build.0 = Release|Any CPU
		{E3352462-D021-E78E-EA73-85577893CEF5}.Debug|Any CPU.ActiveCfg = Debug|Any CPU
		{E3352462-D021-E78E-EA73-85577893CEF5}.Debug|Any CPU.Build.0 = Debug|Any CPU
		{E3352462-D021-E78E-EA73-85577893CEF5}.Release|Any CPU.ActiveCfg = Release|Any CPU
		{E3352462-D021-E78E-EA73-85577893CEF5}.Release|Any CPU.Build.0 = Release|Any CPU
		{9EE5E4D5-248D-EE1E-CCA8-92579EB5161B}.Debug|Any CPU.ActiveCfg = Debug|Any CPU
		{9EE5E4D5-248D-EE1E-CCA8-92579EB5161B}.Debug|Any CPU.Build.0 = Debug|Any CPU
		{9EE5E4D5-248D-EE1E-CCA8-92579EB5161B}.Release|Any CPU.ActiveCfg = Release|Any CPU
		{9EE5E4D5-248D-EE1E-CCA8-92579EB5161B}.Release|Any CPU.Build.0 = Release|Any CPU
		{9EE5E4D5-248D-EE1E-CCA8-92579EB5161B}.Release|Any CPU.Deploy.0 = Release|Any CPU
		{23E5BFE9-4AEC-1A6C-7876-F133AC47C158}.Debug|Any CPU.ActiveCfg = Debug|Any CPU
		{23E5BFE9-4AEC-1A6C-7876-F133AC47C158}.Debug|Any CPU.Build.0 = Debug|Any CPU
		{23E5BFE9-4AEC-1A6C-7876-F133AC47C158}.Release|Any CPU.ActiveCfg = Release|Any CPU
		{23E5BFE9-4AEC-1A6C-7876-F133AC47C158}.Release|Any CPU.Build.0 = Release|Any CPU
		{93726EBF-11DC-CCA6-8583-69D8FD846C26}.Debug|Any CPU.ActiveCfg = Debug|Any CPU
		{93726EBF-11DC-CCA6-8583-69D8FD846C26}.Debug|Any CPU.Build.0 = Debug|Any CPU
		{93726EBF-11DC-CCA6-8583-69D8FD846C26}.Release|Any CPU.ActiveCfg = Release|Any CPU
		{93726EBF-11DC-CCA6-8583-69D8FD846C26}.Release|Any CPU.Build.0 = Release|Any CPU
		{9EB560FB-0525-1EDF-65A5-D3D7F2284815}.Debug|Any CPU.ActiveCfg = Debug|Any CPU
		{9EB560FB-0525-1EDF-65A5-D3D7F2284815}.Debug|Any CPU.Build.0 = Debug|Any CPU
		{9EB560FB-0525-1EDF-65A5-D3D7F2284815}.Release|Any CPU.ActiveCfg = Release|Any CPU
		{9EB560FB-0525-1EDF-65A5-D3D7F2284815}.Release|Any CPU.Build.0 = Release|Any CPU
		{8E92EE6F-8E10-5085-A1E7-BFA8279EF1BA}.Debug|Any CPU.ActiveCfg = Debug|Any CPU
		{8E92EE6F-8E10-5085-A1E7-BFA8279EF1BA}.Debug|Any CPU.Build.0 = Debug|Any CPU
		{8E92EE6F-8E10-5085-A1E7-BFA8279EF1BA}.Release|Any CPU.ActiveCfg = Release|Any CPU
		{8E92EE6F-8E10-5085-A1E7-BFA8279EF1BA}.Release|Any CPU.Build.0 = Release|Any CPU
		{DE01BDDD-FC32-F32A-5532-CBCB9B1823A8}.Debug|Any CPU.ActiveCfg = Debug|Any CPU
		{DE01BDDD-FC32-F32A-5532-CBCB9B1823A8}.Debug|Any CPU.Build.0 = Debug|Any CPU
		{DE01BDDD-FC32-F32A-5532-CBCB9B1823A8}.Release|Any CPU.ActiveCfg = Release|Any CPU
		{DE01BDDD-FC32-F32A-5532-CBCB9B1823A8}.Release|Any CPU.Build.0 = Release|Any CPU
		{03E3D4FC-9A52-4F2A-C9ED-1B959A350A5C}.Debug|Any CPU.ActiveCfg = Debug|Any CPU
		{03E3D4FC-9A52-4F2A-C9ED-1B959A350A5C}.Debug|Any CPU.Build.0 = Debug|Any CPU
		{03E3D4FC-9A52-4F2A-C9ED-1B959A350A5C}.Release|Any CPU.ActiveCfg = Release|Any CPU
		{03E3D4FC-9A52-4F2A-C9ED-1B959A350A5C}.Release|Any CPU.Build.0 = Release|Any CPU
		{CF431CEB-739F-523A-46D7-7D540D9AA8DA}.Debug|Any CPU.ActiveCfg = Debug|Any CPU
		{CF431CEB-739F-523A-46D7-7D540D9AA8DA}.Debug|Any CPU.Build.0 = Debug|Any CPU
		{CF431CEB-739F-523A-46D7-7D540D9AA8DA}.Release|Any CPU.ActiveCfg = Release|Any CPU
		{CF431CEB-739F-523A-46D7-7D540D9AA8DA}.Release|Any CPU.Build.0 = Release|Any CPU
		{316D9E88-6BCA-A9D3-9160-ACD26764758B}.Debug|Any CPU.ActiveCfg = Debug|Any CPU
		{316D9E88-6BCA-A9D3-9160-ACD26764758B}.Debug|Any CPU.Build.0 = Debug|Any CPU
		{316D9E88-6BCA-A9D3-9160-ACD26764758B}.Release|Any CPU.ActiveCfg = Release|Any CPU
		{316D9E88-6BCA-A9D3-9160-ACD26764758B}.Release|Any CPU.Build.0 = Release|Any CPU
		{EBA3D9A6-F0A9-DA9C-5FAF-6A7BFAD0C0FB}.Debug|Any CPU.ActiveCfg = Debug|Any CPU
		{EBA3D9A6-F0A9-DA9C-5FAF-6A7BFAD0C0FB}.Debug|Any CPU.Build.0 = Debug|Any CPU
		{EBA3D9A6-F0A9-DA9C-5FAF-6A7BFAD0C0FB}.Release|Any CPU.ActiveCfg = Release|Any CPU
		{EBA3D9A6-F0A9-DA9C-5FAF-6A7BFAD0C0FB}.Release|Any CPU.Build.0 = Release|Any CPU
	EndGlobalSection
	GlobalSection(SolutionProperties) = preSolution
		HideSolutionNode = FALSE
	EndGlobalSection
	GlobalSection(NestedProjects) = preSolution
		{42CD8DF3-DE69-494E-81F8-940A71670051} = {7E0A0AD8-9582-486A-AA26-7F84E8D4E27C}
		{87EDA1D2-4B5B-E524-38CE-D0BFCA5F4D6B} = {BAECCF56-2805-426B-B8FA-CD391190D586}
		{3D745DFE-AF9A-E111-755D-FD3FFF280728} = {BAECCF56-2805-426B-B8FA-CD391190D586}
		{5BDAB160-5258-45DA-1CDF-4BFCF367E785} = {BAECCF56-2805-426B-B8FA-CD391190D586}
		{E3352462-D021-E78E-EA73-85577893CEF5} = {BAECCF56-2805-426B-B8FA-CD391190D586}
		{9EE5E4D5-248D-EE1E-CCA8-92579EB5161B} = {BAECCF56-2805-426B-B8FA-CD391190D586}
		{23E5BFE9-4AEC-1A6C-7876-F133AC47C158} = {BAECCF56-2805-426B-B8FA-CD391190D586}
		{93726EBF-11DC-CCA6-8583-69D8FD846C26} = {BAECCF56-2805-426B-B8FA-CD391190D586}
		{9EB560FB-0525-1EDF-65A5-D3D7F2284815} = {BAECCF56-2805-426B-B8FA-CD391190D586}
		{8E92EE6F-8E10-5085-A1E7-BFA8279EF1BA} = {BAECCF56-2805-426B-B8FA-CD391190D586}
		{DE01BDDD-FC32-F32A-5532-CBCB9B1823A8} = {BAECCF56-2805-426B-B8FA-CD391190D586}
		{03E3D4FC-9A52-4F2A-C9ED-1B959A350A5C} = {BAECCF56-2805-426B-B8FA-CD391190D586}
		{CF431CEB-739F-523A-46D7-7D540D9AA8DA} = {BAECCF56-2805-426B-B8FA-CD391190D586}
		{316D9E88-6BCA-A9D3-9160-ACD26764758B} = {BAECCF56-2805-426B-B8FA-CD391190D586}
		{EBA3D9A6-F0A9-DA9C-5FAF-6A7BFAD0C0FB} = {BAECCF56-2805-426B-B8FA-CD391190D586}
	EndGlobalSection
	GlobalSection(ExtensibilityGlobals) = postSolution
		SolutionGuid = {5EA32805-9E75-47B2-8855-496409B1BB0D}
	EndGlobalSection
EndGlobal
